
Microsoft Visual Studio Solution File, Format Version 12.00
# Visual Studio 15
VisualStudioVersion = 15.0.28010.2048
MinimumVisualStudioVersion = 10.0.40219.1
Project("{FAE04EC0-301F-11D3-BF4B-00C04F79EFBC}") = "AMEISA", "AMEISA\AMEISA.csproj", "{FC35A423-DBD2-4E60-8161-14121CD35ACA}"
EndProject
Global
	GlobalSection(SolutionConfigurationPlatforms) = preSolution
		Debug|Any CPU = Debug|Any CPU
		Release|Any CPU = Release|Any CPU
	EndGlobalSection
	GlobalSection(ProjectConfigurationPlatforms) = postSolution
		{FC35A423-DBD2-4E60-8161-14121CD35ACA}.Debug|Any CPU.ActiveCfg = Debug|Any CPU
		{FC35A423-DBD2-4E60-8161-14121CD35ACA}.Debug|Any CPU.Build.0 = Debug|Any CPU
		{FC35A423-DBD2-4E60-8161-14121CD35ACA}.Release|Any CPU.ActiveCfg = Release|Any CPU
		{FC35A423-DBD2-4E60-8161-14121CD35ACA}.Release|Any CPU.Build.0 = Release|Any CPU
	EndGlobalSection
	GlobalSection(SolutionProperties) = preSolution
		HideSolutionNode = FALSE
	EndGlobalSection
	GlobalSection(ExtensibilityGlobals) = postSolution
		SolutionGuid = {72616EAE-18A9-499B-892D-C866FF3D09BC}
	EndGlobalSection
EndGlobal
